// !$*UTF8*$!
{
	archiveVersion = 1;
	classes = {
	};
	objectVersion = 46;
	objects = {

/* Begin PBXBuildFile section */
		1F0C285B1E067931004BBDB7 /* MoviesViewController.swift in Sources */ = {isa = PBXBuildFile; fileRef = 1F0C285A1E067931004BBDB7 /* MoviesViewController.swift */; };
		1F0C285D1E068217004BBDB7 /* MovieCollectionViewCell.swift in Sources */ = {isa = PBXBuildFile; fileRef = 1F0C285C1E068217004BBDB7 /* MovieCollectionViewCell.swift */; };
		1F0C285F1E06955F004BBDB7 /* SideMenu.swift in Sources */ = {isa = PBXBuildFile; fileRef = 1F0C285E1E06955F004BBDB7 /* SideMenu.swift */; };
		1F0C28611E06C10F004BBDB7 /* MovieDetailsViewController.swift in Sources */ = {isa = PBXBuildFile; fileRef = 1F0C28601E06C10F004BBDB7 /* MovieDetailsViewController.swift */; };
		1F2A9D0C1E03D516005F3941 /* AppDelegate.swift in Sources */ = {isa = PBXBuildFile; fileRef = 1F2A9D0B1E03D516005F3941 /* AppDelegate.swift */; };
		1F2A9D0E1E03D516005F3941 /* LatestMovieViewController.swift in Sources */ = {isa = PBXBuildFile; fileRef = 1F2A9D0D1E03D516005F3941 /* LatestMovieViewController.swift */; };
		1F2A9D111E03D516005F3941 /* Main.storyboard in Resources */ = {isa = PBXBuildFile; fileRef = 1F2A9D0F1E03D516005F3941 /* Main.storyboard */; };
		1F2A9D131E03D516005F3941 /* Assets.xcassets in Resources */ = {isa = PBXBuildFile; fileRef = 1F2A9D121E03D516005F3941 /* Assets.xcassets */; };
		1F2A9D161E03D516005F3941 /* LaunchScreen.storyboard in Resources */ = {isa = PBXBuildFile; fileRef = 1F2A9D141E03D516005F3941 /* LaunchScreen.storyboard */; };
		1F2A9D211E03DB5A005F3941 /* Movie.swift in Sources */ = {isa = PBXBuildFile; fileRef = 1F2A9D201E03DB5A005F3941 /* Movie.swift */; };
		1F2A9D241E03E37B005F3941 /* DataServices.swift in Sources */ = {isa = PBXBuildFile; fileRef = 1F2A9D231E03E37B005F3941 /* DataServices.swift */; };
		1F52D28E1E0BBEC200C149C9 /* SearchResultViewController.swift in Sources */ = {isa = PBXBuildFile; fileRef = 1F52D28D1E0BBEC200C149C9 /* SearchResultViewController.swift */; };
		1F7B5C101E0A531E00C61FB9 /* SideMenuItems.swift in Sources */ = {isa = PBXBuildFile; fileRef = 1F7B5C0F1E0A531E00C61FB9 /* SideMenuItems.swift */; };
		1F7B5C131E0A65F800C61FB9 /* MovieTableViewCell.swift in Sources */ = {isa = PBXBuildFile; fileRef = 1F7B5C111E0A65F800C61FB9 /* MovieTableViewCell.swift */; };
		1F7B5C141E0A65F800C61FB9 /* MovieTableViewCell.xib in Resources */ = {isa = PBXBuildFile; fileRef = 1F7B5C121E0A65F800C61FB9 /* MovieTableViewCell.xib */; };
		1FFFA5981E091AF700789588 /* MovieServices.swift in Sources */ = {isa = PBXBuildFile; fileRef = 1FFFA5971E091AF700789588 /* MovieServices.swift */; };
		1FFFA59A1E09293000789588 /* Utilities.swift in Sources */ = {isa = PBXBuildFile; fileRef = 1FFFA5991E09293000789588 /* Utilities.swift */; };
		1FFFA59C1E092BC400789588 /* TVServices.swift in Sources */ = {isa = PBXBuildFile; fileRef = 1FFFA59B1E092BC400789588 /* TVServices.swift */; };
		1FFFA59E1E092DC400789588 /* TV.swift in Sources */ = {isa = PBXBuildFile; fileRef = 1FFFA59D1E092DC400789588 /* TV.swift */; };
		1FFFA5A01E095D7200789588 /* TVShowDetailsViewController.swift in Sources */ = {isa = PBXBuildFile; fileRef = 1FFFA59F1E095D7200789588 /* TVShowDetailsViewController.swift */; };
		5C3ECBF8FB1CB02D087D3ED3 /* Pods_MovieNTV.framework in Frameworks */ = {isa = PBXBuildFile; fileRef = A87AF6BE1B37E2F7EABA16FE /* Pods_MovieNTV.framework */; };
/* End PBXBuildFile section */

/* Begin PBXFileReference section */
		1F0C285A1E067931004BBDB7 /* MoviesViewController.swift */ = {isa = PBXFileReference; fileEncoding = 4; lastKnownFileType = sourcecode.swift; path = MoviesViewController.swift; sourceTree = "<group>"; };
		1F0C285C1E068217004BBDB7 /* MovieCollectionViewCell.swift */ = {isa = PBXFileReference; fileEncoding = 4; lastKnownFileType = sourcecode.swift; path = MovieCollectionViewCell.swift; sourceTree = "<group>"; };
		1F0C285E1E06955F004BBDB7 /* SideMenu.swift */ = {isa = PBXFileReference; fileEncoding = 4; lastKnownFileType = sourcecode.swift; path = SideMenu.swift; sourceTree = "<group>"; };
		1F0C28601E06C10F004BBDB7 /* MovieDetailsViewController.swift */ = {isa = PBXFileReference; fileEncoding = 4; lastKnownFileType = sourcecode.swift; path = MovieDetailsViewController.swift; sourceTree = "<group>"; };
		1F2A9D081E03D516005F3941 /* MovieNTV.app */ = {isa = PBXFileReference; explicitFileType = wrapper.application; includeInIndex = 0; path = MovieNTV.app; sourceTree = BUILT_PRODUCTS_DIR; };
		1F2A9D0B1E03D516005F3941 /* AppDelegate.swift */ = {isa = PBXFileReference; lastKnownFileType = sourcecode.swift; path = AppDelegate.swift; sourceTree = "<group>"; };
		1F2A9D0D1E03D516005F3941 /* LatestMovieViewController.swift */ = {isa = PBXFileReference; lastKnownFileType = sourcecode.swift; path = LatestMovieViewController.swift; sourceTree = "<group>"; };
		1F2A9D101E03D516005F3941 /* Base */ = {isa = PBXFileReference; lastKnownFileType = file.storyboard; name = Base; path = Base.lproj/Main.storyboard; sourceTree = "<group>"; };
		1F2A9D121E03D516005F3941 /* Assets.xcassets */ = {isa = PBXFileReference; lastKnownFileType = folder.assetcatalog; path = Assets.xcassets; sourceTree = "<group>"; };
		1F2A9D151E03D516005F3941 /* Base */ = {isa = PBXFileReference; lastKnownFileType = file.storyboard; name = Base; path = Base.lproj/LaunchScreen.storyboard; sourceTree = "<group>"; };
		1F2A9D171E03D516005F3941 /* Info.plist */ = {isa = PBXFileReference; lastKnownFileType = text.plist.xml; path = Info.plist; sourceTree = "<group>"; };
		1F2A9D201E03DB5A005F3941 /* Movie.swift */ = {isa = PBXFileReference; fileEncoding = 4; lastKnownFileType = sourcecode.swift; path = Movie.swift; sourceTree = "<group>"; };
		1F2A9D231E03E37B005F3941 /* DataServices.swift */ = {isa = PBXFileReference; fileEncoding = 4; lastKnownFileType = sourcecode.swift; path = DataServices.swift; sourceTree = "<group>"; };
		1F52D28D1E0BBEC200C149C9 /* SearchResultViewController.swift */ = {isa = PBXFileReference; fileEncoding = 4; lastKnownFileType = sourcecode.swift; path = SearchResultViewController.swift; sourceTree = "<group>"; };
		1F7B5C0F1E0A531E00C61FB9 /* SideMenuItems.swift */ = {isa = PBXFileReference; fileEncoding = 4; lastKnownFileType = sourcecode.swift; path = SideMenuItems.swift; sourceTree = "<group>"; };
		1F7B5C111E0A65F800C61FB9 /* MovieTableViewCell.swift */ = {isa = PBXFileReference; fileEncoding = 4; lastKnownFileType = sourcecode.swift; path = MovieTableViewCell.swift; sourceTree = "<group>"; };
		1F7B5C121E0A65F800C61FB9 /* MovieTableViewCell.xib */ = {isa = PBXFileReference; fileEncoding = 4; lastKnownFileType = file.xib; path = MovieTableViewCell.xib; sourceTree = "<group>"; };
		1FFFA5971E091AF700789588 /* MovieServices.swift */ = {isa = PBXFileReference; fileEncoding = 4; lastKnownFileType = sourcecode.swift; path = MovieServices.swift; sourceTree = "<group>"; };
		1FFFA5991E09293000789588 /* Utilities.swift */ = {isa = PBXFileReference; fileEncoding = 4; lastKnownFileType = sourcecode.swift; path = Utilities.swift; sourceTree = "<group>"; };
		1FFFA59B1E092BC400789588 /* TVServices.swift */ = {isa = PBXFileReference; fileEncoding = 4; lastKnownFileType = sourcecode.swift; path = TVServices.swift; sourceTree = "<group>"; };
		1FFFA59D1E092DC400789588 /* TV.swift */ = {isa = PBXFileReference; fileEncoding = 4; lastKnownFileType = sourcecode.swift; path = TV.swift; sourceTree = "<group>"; };
		1FFFA59F1E095D7200789588 /* TVShowDetailsViewController.swift */ = {isa = PBXFileReference; fileEncoding = 4; lastKnownFileType = sourcecode.swift; path = TVShowDetailsViewController.swift; sourceTree = "<group>"; };
		A87AF6BE1B37E2F7EABA16FE /* Pods_MovieNTV.framework */ = {isa = PBXFileReference; explicitFileType = wrapper.framework; includeInIndex = 0; path = Pods_MovieNTV.framework; sourceTree = BUILT_PRODUCTS_DIR; };
		E13669D57A814C369B6D4EC1 /* Pods-MovieNTV.release.xcconfig */ = {isa = PBXFileReference; includeInIndex = 1; lastKnownFileType = text.xcconfig; name = "Pods-MovieNTV.release.xcconfig"; path = "Pods/Target Support Files/Pods-MovieNTV/Pods-MovieNTV.release.xcconfig"; sourceTree = "<group>"; };
		F65B49DD9FDD83D8F3B559FA /* Pods-MovieNTV.debug.xcconfig */ = {isa = PBXFileReference; includeInIndex = 1; lastKnownFileType = text.xcconfig; name = "Pods-MovieNTV.debug.xcconfig"; path = "Pods/Target Support Files/Pods-MovieNTV/Pods-MovieNTV.debug.xcconfig"; sourceTree = "<group>"; };
/* End PBXFileReference section */

/* Begin PBXFrameworksBuildPhase section */
		1F2A9D051E03D516005F3941 /* Frameworks */ = {
			isa = PBXFrameworksBuildPhase;
			buildActionMask = 2147483647;
			files = (
				5C3ECBF8FB1CB02D087D3ED3 /* Pods_MovieNTV.framework in Frameworks */,
			);
			runOnlyForDeploymentPostprocessing = 0;
		};
/* End PBXFrameworksBuildPhase section */

/* Begin PBXGroup section */
		1F2A9CFF1E03D516005F3941 = {
			isa = PBXGroup;
			children = (
				1F2A9D0A1E03D516005F3941 /* MovieNTV */,
				1F2A9D091E03D516005F3941 /* Products */,
				79C6BED700E7AC34EB1EA92F /* Pods */,
				3466156FE12F09DC90892197 /* Frameworks */,
			);
			sourceTree = "<group>";
		};
		1F2A9D091E03D516005F3941 /* Products */ = {
			isa = PBXGroup;
			children = (
				1F2A9D081E03D516005F3941 /* MovieNTV.app */,
			);
			name = Products;
			sourceTree = "<group>";
		};
		1F2A9D0A1E03D516005F3941 /* MovieNTV */ = {
			isa = PBXGroup;
			children = (
				1F2A9D221E03E368005F3941 /* Services */,
				1F2A9D1F1E03DAEF005F3941 /* Model */,
				1F2A9D1E1E03DADA005F3941 /* View */,
				1F2A9D1D1E03DACC005F3941 /* Controller */,
				1F2A9D0B1E03D516005F3941 /* AppDelegate.swift */,
				1F2A9D0F1E03D516005F3941 /* Main.storyboard */,
				1F2A9D141E03D516005F3941 /* LaunchScreen.storyboard */,
				1F2A9D171E03D516005F3941 /* Info.plist */,
				1F2A9D121E03D516005F3941 /* Assets.xcassets */,
			);
			path = MovieNTV;
			sourceTree = "<group>";
		};
		1F2A9D1D1E03DACC005F3941 /* Controller */ = {
			isa = PBXGroup;
			children = (
				1F2A9D0D1E03D516005F3941 /* LatestMovieViewController.swift */,
				1F0C285A1E067931004BBDB7 /* MoviesViewController.swift */,
				1F0C28601E06C10F004BBDB7 /* MovieDetailsViewController.swift */,
				1FFFA59F1E095D7200789588 /* TVShowDetailsViewController.swift */,
				1F52D28D1E0BBEC200C149C9 /* SearchResultViewController.swift */,
			);
			name = Controller;
			sourceTree = "<group>";
		};
		1F2A9D1E1E03DADA005F3941 /* View */ = {
			isa = PBXGroup;
			children = (
				1F0C285C1E068217004BBDB7 /* MovieCollectionViewCell.swift */,
				1F0C285E1E06955F004BBDB7 /* SideMenu.swift */,
				1F7B5C111E0A65F800C61FB9 /* MovieTableViewCell.swift */,
				1F7B5C121E0A65F800C61FB9 /* MovieTableViewCell.xib */,
			);
			name = View;
			sourceTree = "<group>";
		};
		1F2A9D1F1E03DAEF005F3941 /* Model */ = {
			isa = PBXGroup;
			children = (
				1F2A9D201E03DB5A005F3941 /* Movie.swift */,
				1FFFA59D1E092DC400789588 /* TV.swift */,
				1F7B5C0F1E0A531E00C61FB9 /* SideMenuItems.swift */,
			);
			name = Model;
			sourceTree = "<group>";
		};
		1F2A9D221E03E368005F3941 /* Services */ = {
			isa = PBXGroup;
			children = (
				1F2A9D231E03E37B005F3941 /* DataServices.swift */,
				1FFFA5971E091AF700789588 /* MovieServices.swift */,
				1FFFA59B1E092BC400789588 /* TVServices.swift */,
				1FFFA5991E09293000789588 /* Utilities.swift */,
			);
			name = Services;
			sourceTree = "<group>";
		};
		3466156FE12F09DC90892197 /* Frameworks */ = {
			isa = PBXGroup;
			children = (
				A87AF6BE1B37E2F7EABA16FE /* Pods_MovieNTV.framework */,
			);
			name = Frameworks;
			sourceTree = "<group>";
		};
		79C6BED700E7AC34EB1EA92F /* Pods */ = {
			isa = PBXGroup;
			children = (
				F65B49DD9FDD83D8F3B559FA /* Pods-MovieNTV.debug.xcconfig */,
				E13669D57A814C369B6D4EC1 /* Pods-MovieNTV.release.xcconfig */,
			);
			name = Pods;
			sourceTree = "<group>";
		};
/* End PBXGroup section */

/* Begin PBXNativeTarget section */
		1F2A9D071E03D516005F3941 /* MovieNTV */ = {
			isa = PBXNativeTarget;
			buildConfigurationList = 1F2A9D1A1E03D516005F3941 /* Build configuration list for PBXNativeTarget "MovieNTV" */;
			buildPhases = (
				ED279653F2B9D52E93AB3BE3 /* [CP] Check Pods Manifest.lock */,
				1F2A9D041E03D516005F3941 /* Sources */,
				1F2A9D051E03D516005F3941 /* Frameworks */,
				1F2A9D061E03D516005F3941 /* Resources */,
				DF3BC4C1D0DFDEFBDFEF9717 /* [CP] Embed Pods Frameworks */,
			);
			buildRules = (
			);
			dependencies = (
			);
			name = MovieNTV;
			productName = MovieNTV;
			productReference = 1F2A9D081E03D516005F3941 /* MovieNTV.app */;
			productType = "com.apple.product-type.application";
		};
/* End PBXNativeTarget section */

/* Begin PBXProject section */
		1F2A9D001E03D516005F3941 /* Project object */ = {
			isa = PBXProject;
			attributes = {
				LastSwiftUpdateCheck = 0820;
				LastUpgradeCheck = 0820;
				ORGANIZATIONNAME = "Ken Siu";
				TargetAttributes = {
					1F2A9D071E03D516005F3941 = {
						CreatedOnToolsVersion = 8.2;
						DevelopmentTeam = J7X9SXGFF7;
						ProvisioningStyle = Automatic;
					};
				};
			};
			buildConfigurationList = 1F2A9D031E03D516005F3941 /* Build configuration list for PBXProject "MovieNTV" */;
			compatibilityVersion = "Xcode 3.2";
			developmentRegion = English;
			hasScannedForEncodings = 0;
			knownRegions = (
				en,
				Base,
			);
			mainGroup = 1F2A9CFF1E03D516005F3941;
			productRefGroup = 1F2A9D091E03D516005F3941 /* Products */;
			projectDirPath = "";
			projectRoot = "";
			targets = (
				1F2A9D071E03D516005F3941 /* MovieNTV */,
			);
		};
/* End PBXProject section */

/* Begin PBXResourcesBuildPhase section */
		1F2A9D061E03D516005F3941 /* Resources */ = {
			isa = PBXResourcesBuildPhase;
			buildActionMask = 2147483647;
			files = (
				1F2A9D161E03D516005F3941 /* LaunchScreen.storyboard in Resources */,
				1F2A9D131E03D516005F3941 /* Assets.xcassets in Resources */,
				1F7B5C141E0A65F800C61FB9 /* MovieTableViewCell.xib in Resources */,
				1F2A9D111E03D516005F3941 /* Main.storyboard in Resources */,
			);
			runOnlyForDeploymentPostprocessing = 0;
		};
/* End PBXResourcesBuildPhase section */

/* Begin PBXShellScriptBuildPhase section */
		DF3BC4C1D0DFDEFBDFEF9717 /* [CP] Embed Pods Frameworks */ = {
			isa = PBXShellScriptBuildPhase;
			buildActionMask = 2147483647;
			files = (
			);
			inputFileListPaths = (
			);
			inputPaths = (
				"${SRCROOT}/Pods/Target Support Files/Pods-MovieNTV/Pods-MovieNTV-frameworks.sh",
				"${BUILT_PRODUCTS_DIR}/Alamofire/Alamofire.framework",
				"${BUILT_PRODUCTS_DIR}/RxCocoa/RxCocoa.framework",
				"${BUILT_PRODUCTS_DIR}/RxSwift/RxSwift.framework",
				"${BUILT_PRODUCTS_DIR}/SnapKit/SnapKit.framework",
				"${BUILT_PRODUCTS_DIR}/SwiftyJSON/SwiftyJSON.framework",
			);
			name = "[CP] Embed Pods Frameworks";
			outputFileListPaths = (
			);
			outputPaths = (
				"${TARGET_BUILD_DIR}/${FRAMEWORKS_FOLDER_PATH}/Alamofire.framework",
				"${TARGET_BUILD_DIR}/${FRAMEWORKS_FOLDER_PATH}/RxCocoa.framework",
				"${TARGET_BUILD_DIR}/${FRAMEWORKS_FOLDER_PATH}/RxSwift.framework",
				"${TARGET_BUILD_DIR}/${FRAMEWORKS_FOLDER_PATH}/SnapKit.framework",
				"${TARGET_BUILD_DIR}/${FRAMEWORKS_FOLDER_PATH}/SwiftyJSON.framework",
			);
			runOnlyForDeploymentPostprocessing = 0;
			shellPath = /bin/sh;
			shellScript = "\"${SRCROOT}/Pods/Target Support Files/Pods-MovieNTV/Pods-MovieNTV-frameworks.sh\"\n";
			showEnvVarsInLog = 0;
		};
		ED279653F2B9D52E93AB3BE3 /* [CP] Check Pods Manifest.lock */ = {
			isa = PBXShellScriptBuildPhase;
			buildActionMask = 2147483647;
			files = (
			);
			inputFileListPaths = (
			);
			inputPaths = (
				"${PODS_PODFILE_DIR_PATH}/Podfile.lock",
				"${PODS_ROOT}/Manifest.lock",
			);
			name = "[CP] Check Pods Manifest.lock";
			outputFileListPaths = (
			);
			outputPaths = (
				"$(DERIVED_FILE_DIR)/Pods-MovieNTV-checkManifestLockResult.txt",
			);
			runOnlyForDeploymentPostprocessing = 0;
			shellPath = /bin/sh;
			shellScript = "diff \"${PODS_PODFILE_DIR_PATH}/Podfile.lock\" \"${PODS_ROOT}/Manifest.lock\" > /dev/null\nif [ $? != 0 ] ; then\n    # print error to STDERR\n    echo \"error: The sandbox is not in sync with the Podfile.lock. Run 'pod install' or update your CocoaPods installation.\" >&2\n    exit 1\nfi\n# This output is used by Xcode 'outputs' to avoid re-running this script phase.\necho \"SUCCESS\" > \"${SCRIPT_OUTPUT_FILE_0}\"\n";
			showEnvVarsInLog = 0;
		};
/* End PBXShellScriptBuildPhase section */

/* Begin PBXSourcesBuildPhase section */
		1F2A9D041E03D516005F3941 /* Sources */ = {
			isa = PBXSourcesBuildPhase;
			buildActionMask = 2147483647;
			files = (
				1F0C28611E06C10F004BBDB7 /* MovieDetailsViewController.swift in Sources */,
				1F2A9D0E1E03D516005F3941 /* LatestMovieViewController.swift in Sources */,
				1F0C285B1E067931004BBDB7 /* MoviesViewController.swift in Sources */,
				1FFFA5A01E095D7200789588 /* TVShowDetailsViewController.swift in Sources */,
				1F2A9D0C1E03D516005F3941 /* AppDelegate.swift in Sources */,
				1F7B5C131E0A65F800C61FB9 /* MovieTableViewCell.swift in Sources */,
				1F0C285F1E06955F004BBDB7 /* SideMenu.swift in Sources */,
				1FFFA59E1E092DC400789588 /* TV.swift in Sources */,
				1F0C285D1E068217004BBDB7 /* MovieCollectionViewCell.swift in Sources */,
				1FFFA59C1E092BC400789588 /* TVServices.swift in Sources */,
				1F2A9D211E03DB5A005F3941 /* Movie.swift in Sources */,
				1F7B5C101E0A531E00C61FB9 /* SideMenuItems.swift in Sources */,
				1FFFA5981E091AF700789588 /* MovieServices.swift in Sources */,
				1FFFA59A1E09293000789588 /* Utilities.swift in Sources */,
				1F52D28E1E0BBEC200C149C9 /* SearchResultViewController.swift in Sources */,
				1F2A9D241E03E37B005F3941 /* DataServices.swift in Sources */,
			);
			runOnlyForDeploymentPostprocessing = 0;
		};
/* End PBXSourcesBuildPhase section */

/* Begin PBXVariantGroup section */
		1F2A9D0F1E03D516005F3941 /* Main.storyboard */ = {
			isa = PBXVariantGroup;
			children = (
				1F2A9D101E03D516005F3941 /* Base */,
			);
			name = Main.storyboard;
			sourceTree = "<group>";
		};
		1F2A9D141E03D516005F3941 /* LaunchScreen.storyboard */ = {
			isa = PBXVariantGroup;
			children = (
				1F2A9D151E03D516005F3941 /* Base */,
			);
			name = LaunchScreen.storyboard;
			sourceTree = "<group>";
		};
/* End PBXVariantGroup section */

/* Begin XCBuildConfiguration section */
		1F2A9D181E03D516005F3941 /* Debug */ = {
			isa = XCBuildConfiguration;
			buildSettings = {
				ALWAYS_SEARCH_USER_PATHS = NO;
				CLANG_ANALYZER_NONNULL = YES;
				CLANG_CXX_LANGUAGE_STANDARD = "gnu++0x";
				CLANG_CXX_LIBRARY = "libc++";
				CLANG_ENABLE_MODULES = YES;
				CLANG_ENABLE_OBJC_ARC = YES;
				CLANG_WARN_BOOL_CONVERSION = YES;
				CLANG_WARN_CONSTANT_CONVERSION = YES;
				CLANG_WARN_DIRECT_OBJC_ISA_USAGE = YES_ERROR;
				CLANG_WARN_DOCUMENTATION_COMMENTS = YES;
				CLANG_WARN_EMPTY_BODY = YES;
				CLANG_WARN_ENUM_CONVERSION = YES;
				CLANG_WARN_INFINITE_RECURSION = YES;
				CLANG_WARN_INT_CONVERSION = YES;
				CLANG_WARN_OBJC_ROOT_CLASS = YES_ERROR;
				CLANG_WARN_SUSPICIOUS_MOVE = YES;
				CLANG_WARN_UNREACHABLE_CODE = YES;
				CLANG_WARN__DUPLICATE_METHOD_MATCH = YES;
				"CODE_SIGN_IDENTITY[sdk=iphoneos*]" = "iPhone Developer";
				COPY_PHASE_STRIP = NO;
				DEBUG_INFORMATION_FORMAT = dwarf;
				ENABLE_STRICT_OBJC_MSGSEND = YES;
				ENABLE_TESTABILITY = YES;
				GCC_C_LANGUAGE_STANDARD = gnu99;
				GCC_DYNAMIC_NO_PIC = NO;
				GCC_NO_COMMON_BLOCKS = YES;
				GCC_OPTIMIZATION_LEVEL = 0;
				GCC_PREPROCESSOR_DEFINITIONS = (
					"DEBUG=1",
					"$(inherited)",
				);
				GCC_WARN_64_TO_32_BIT_CONVERSION = YES;
				GCC_WARN_ABOUT_RETURN_TYPE = YES_ERROR;
				GCC_WARN_UNDECLARED_SELECTOR = YES;
				GCC_WARN_UNINITIALIZED_AUTOS = YES_AGGRESSIVE;
				GCC_WARN_UNUSED_FUNCTION = YES;
				GCC_WARN_UNUSED_VARIABLE = YES;
				IPHONEOS_DEPLOYMENT_TARGET = 10.2;
				MTL_ENABLE_DEBUG_INFO = YES;
				ONLY_ACTIVE_ARCH = YES;
				SDKROOT = iphoneos;
				SWIFT_ACTIVE_COMPILATION_CONDITIONS = DEBUG;
				SWIFT_OPTIMIZATION_LEVEL = "-Onone";
				TARGETED_DEVICE_FAMILY = "1,2";
			};
			name = Debug;
		};
		1F2A9D191E03D516005F3941 /* Release */ = {
			isa = XCBuildConfiguration;
			buildSettings = {
				ALWAYS_SEARCH_USER_PATHS = NO;
				CLANG_ANALYZER_NONNULL = YES;
				CLANG_CXX_LANGUAGE_STANDARD = "gnu++0x";
				CLANG_CXX_LIBRARY = "libc++";
				CLANG_ENABLE_MODULES = YES;
				CLANG_ENABLE_OBJC_ARC = YES;
				CLANG_WARN_BOOL_CONVERSION = YES;
				CLANG_WARN_CONSTANT_CONVERSION = YES;
				CLANG_WARN_DIRECT_OBJC_ISA_USAGE = YES_ERROR;
				CLANG_WARN_DOCUMENTATION_COMMENTS = YES;
				CLANG_WARN_EMPTY_BODY = YES;
				CLANG_WARN_ENUM_CONVERSION = YES;
				CLANG_WARN_INFINITE_RECURSION = YES;
				CLANG_WARN_INT_CONVERSION = YES;
				CLANG_WARN_OBJC_ROOT_CLASS = YES_ERROR;
				CLANG_WARN_SUSPICIOUS_MOVE = YES;
				CLANG_WARN_UNREACHABLE_CODE = YES;
				CLANG_WARN__DUPLICATE_METHOD_MATCH = YES;
				"CODE_SIGN_IDENTITY[sdk=iphoneos*]" = "iPhone Developer";
				COPY_PHASE_STRIP = NO;
				DEBUG_INFORMATION_FORMAT = "dwarf-with-dsym";
				ENABLE_NS_ASSERTIONS = NO;
				ENABLE_STRICT_OBJC_MSGSEND = YES;
				GCC_C_LANGUAGE_STANDARD = gnu99;
				GCC_NO_COMMON_BLOCKS = YES;
				GCC_WARN_64_TO_32_BIT_CONVERSION = YES;
				GCC_WARN_ABOUT_RETURN_TYPE = YES_ERROR;
				GCC_WARN_UNDECLARED_SELECTOR = YES;
				GCC_WARN_UNINITIALIZED_AUTOS = YES_AGGRESSIVE;
				GCC_WARN_UNUSED_FUNCTION = YES;
				GCC_WARN_UNUSED_VARIABLE = YES;
				IPHONEOS_DEPLOYMENT_TARGET = 10.2;
				MTL_ENABLE_DEBUG_INFO = NO;
				SDKROOT = iphoneos;
				SWIFT_OPTIMIZATION_LEVEL = "-Owholemodule";
				TARGETED_DEVICE_FAMILY = "1,2";
				VALIDATE_PRODUCT = YES;
			};
			name = Release;
		};
		1F2A9D1B1E03D516005F3941 /* Debug */ = {
			isa = XCBuildConfiguration;
			baseConfigurationReference = F65B49DD9FDD83D8F3B559FA /* Pods-MovieNTV.debug.xcconfig */;
			buildSettings = {
				ASSETCATALOG_COMPILER_APPICON_NAME = AppIcon;
				DEVELOPMENT_TEAM = J7X9SXGFF7;
				INFOPLIST_FILE = MovieNTV/Info.plist;
				IPHONEOS_DEPLOYMENT_TARGET = 9.0;
				LD_RUNPATH_SEARCH_PATHS = "$(inherited) @executable_path/Frameworks";
				PRODUCT_BUNDLE_IDENTIFIER = KenSiu.USMovieNTV;
				PRODUCT_NAME = "$(TARGET_NAME)";
				SWIFT_VERSION = 3.0;
				TARGETED_DEVICE_FAMILY = 1;
			};
			name = Debug;
		};
		1F2A9D1C1E03D516005F3941 /* Release */ = {
			isa = XCBuildConfiguration;
			baseConfigurationReference = E13669D57A814C369B6D4EC1 /* Pods-MovieNTV.release.xcconfig */;
			buildSettings = {
				ASSETCATALOG_COMPILER_APPICON_NAME = AppIcon;
				DEVELOPMENT_TEAM = J7X9SXGFF7;
				INFOPLIST_FILE = MovieNTV/Info.plist;
				IPHONEOS_DEPLOYMENT_TARGET = 9.0;
				LD_RUNPATH_SEARCH_PATHS = "$(inherited) @executable_path/Frameworks";
				PRODUCT_BUNDLE_IDENTIFIER = KenSiu.USMovieNTV;
				PRODUCT_NAME = "$(TARGET_NAME)";
				SWIFT_VERSION = 3.0;
				TARGETED_DEVICE_FAMILY = 1;
			};
			name = Release;
		};
/* End XCBuildConfiguration section */

/* Begin XCConfigurationList section */
		1F2A9D031E03D516005F3941 /* Build configuration list for PBXProject "MovieNTV" */ = {
			isa = XCConfigurationList;
			buildConfigurations = (
				1F2A9D181E03D516005F3941 /* Debug */,
				1F2A9D191E03D516005F3941 /* Release */,
			);
			defaultConfigurationIsVisible = 0;
			defaultConfigurationName = Release;
		};
		1F2A9D1A1E03D516005F3941 /* Build configuration list for PBXNativeTarget "MovieNTV" */ = {
			isa = XCConfigurationList;
			buildConfigurations = (
				1F2A9D1B1E03D516005F3941 /* Debug */,
				1F2A9D1C1E03D516005F3941 /* Release */,
			);
			defaultConfigurationIsVisible = 0;
			defaultConfigurationName = Release;
		};
/* End XCConfigurationList section */
	};
	rootObject = 1F2A9D001E03D516005F3941 /* Project object */;
}
